github.com/cespare/xxhash/v2 v2.3.0 h1:UL815xU9SqsFlibzuggzjXhog7bL6oX9BbNZnL2UFvs=
github.com/cespare/xxhash/v2 v2.3.0/go.mod h1:VGX0DQ3Q6kWi7AoAeZDth3/j3BFtOZR5XLFGgcrjCOs=
github.com/coreos/go-systemd/v22 v22.5.0/go.mod h1:Y58oyj3AT4RCenI/lSvhwexgC+NSVTIJ3seZv2GcEnc=
github.com/go-logr/logr v1.4.3 h1:CjnDlHq8ikf6E492q6eKboGOC0T8CDaOvkHCIg8idEI=
github.com/go-logr/logr v1.4.3/go.mod h1:9T104GzyrTigFIr8wt5mBrctHMim0Nb2HLGrmQ40KvY=
github.com/go-logr/stdr v1.2.2 h1:hSWxHoqTgW2S2qGc0LTAI563KZ5YKYRhT3MFKZMbjag=
github.com/go-logr/stdr v1.2.2/go.mod h1:mMo/vtBO5dYbehREoey6XUKy/eSumjCCveDpRre4VKE=
github.com/godbus/dbus/v5 v5.0.4/go.mod h1:xhWf0FNVPg57R7Z0UbKHbJfkEywrmjJnf7w5xrFpKfA=
github.com/golang/protobuf v1.5.4 h1:i7eJL8qZTpSEXOPTxNKhASYpMn+8e5Q6AdndVa1dWek=
github.com/golang/protobuf v1.5.4/go.mod h1:lnTiLA8Wa4RWRcIUkrtSVa5nRhsEGBg48fD6rSs7xps=
github.com/google/go-cmp v0.7.0 h1:wk8382ETsv4JYUZwIsn6YpYiWiBsYLSJiTsyBybVuN8=
github.com/google/go-cmp v0.7.0/go.mod h1:pXiqmnSA92OHEEa9HXL2W4E7lf9JzCmGVUdgjX3N/iU=
github.com/google/uuid v1.6.0 h1:NIvaJDMOsjHA8n1jAhLSgzrAzy1Hgr+hNrb57e+94F0=
github.com/google/uuid v1.6.0/go.mod h1:TIyPZe4MgqvfeYDBFedMoGGpEw/LqOeaOT+nhxU+yHo=
github.com/mattn/go-colorable v0.1.13 h1:fFA4WZxdEF4tXPZVKMLwD8oUnCTTo08duU7wxecdEvA=
github.com/mattn/go-colorable v0.1.13/go.mod h1:7S9/ev0klgBDR4GtXTXX8a3vIGJpMovkB8vQcUbaXHg=
github.com/mattn/go-isatty v0.0.16/go.mod h1:kYGgaQfpe5nmfYZH+SKPsOc2e4SrIfOl2e/yFXSvRLM=
github.com/mattn/go-isatty v0.0.19 h1:JITubQf0MOLdlGRuRq+jtsDlekdYPia9ZFsB8h/APPA=
github.com/mattn/go-isatty v0.0.19/go.mod h1:W+V8PltTTMOvKvAeJH7IuucS94S2C6jfK/D7dTCTo3Y=
github.com/pkg/errors v0.9.1/go.mod h1:bwawxfHBFNV+L2hUp1rHADufV3IMtnDRdf1r5NINEl0=
github.com/rs/xid v1.6.0/go.mod h1:7XoLgs4eV+QndskICGsho+ADou8ySMSjJKDIan90Nz0=
github.com/rs/zerolog v1.34.0 h1:k43nTLIwcTVQAncfCw4KZ2VY6ukYoZaBPNOE8txlOeY=
github.com/rs/zerolog v1.34.0/go.mod h1:bJsvje4Z08ROH4Nhs5iH600c3IkWhwp44iRc54W6wYQ=
github.com/samvelsct/go-webrtchls v0.0.1-0.20260303074741-c1655792b610 h1:GHfX1/ySRXG3QNtoSG04wi60i0Tt7v2bj2zDKu+xr1I=
github.com/samvelsct/go-webrtchls v0.0.1-0.20260303074741-c1655792b610/go.mod h1:ekfqFAxgrzhZAkgIjVmm0iYsF4Nih3KaVY/746cZusQ=
github.com/samvelsct/go-webrtchls v0.0.1-0.20260304060432-3f3b17ed327d h1:/yfPlnaNNFhM/PfCeHqm0b2Q4WcSG+qkYJW1N7kK9Ow=
github.com/samvelsct/go-webrtchls v0.0.1-0.20260304060432-3f3b17ed327d/go.mod h1:ekfqFAxgrzhZAkgIjVmm0iYsF4Nih3KaVY/746cZusQ=
github.com/samvelsct/go-webrtchls v0.0.1-0.20260304062159-c4748fe72871 h1:lQTKxGsZzdviJFDHDy6Z2Kvkz5hNl48so/Jlt0zlB38=
github.com/samvelsct/go-webrtchls v0.0.1-0.20260304062159-c4748fe72871/go.mod h1:ekfqFAxgrzhZAkgIjVmm0iYsF4Nih3KaVY/746cZusQ=
github.com/samvelsct/go-webrtchls v0.0.1-0.20260304063217-87fe84bf1896 h1:ONH+feXxs/tPrHdlySGam4S1Y7u9XNppaHE1e8PHRj8=
github.com/samvelsct/go-webrtchls v0.0.1-0.20260304063217-87fe84bf1896/go.mod h1:ekfqFAxgrzhZAkgIjVmm0iYsF4Nih3KaVY/746cZusQ=
github.com/samvelsct/go-webrtchls v0.0.1-0.20260304064515-c4ef032a811e h1:BDMuy8vTNTf5CtRpIcgZ0GF38q6dg1vTHuycjoIqEsM=
github.com/samvelsct/go-webrtchls v0.0.1-0.20260304064515-c4ef032a811e/go.mod h1:ekfqFAxgrzhZAkgIjVmm0iYsF4Nih3KaVY/746cZusQ=
github.com/samvelsct/go-webrtchls v0.0.1-0.20260304070710-f14b99de91f2 h1:eyhJtdypMzpV/McQBYg+/mhZWVU0Cx+0H7gb0f5AIBA=
github.com/samvelsct/go-webrtchls v0.0.1-0.20260304070710-f14b99de91f2/go.mod h1:ekfqFAxgrzhZAkgIjVmm0iYsF4Nih3KaVY/746cZusQ=
github.com/samvelsct/go-webrtchls v0.0.1-0.20260304075834-b73a9a92cd0a h1:ZroT0DIfB3lV+2pTNlYcPBbVEkyjll9EUpQjTmuno1M=
github.com/samvelsct/go-webrtchls v0.0.1-0.20260304075834-b73a9a92cd0a/go.mod h1:ekfqFAxgrzhZAkgIjVmm0iYsF4Nih3KaVY/746cZusQ=
github.com/samvelsct/go-webrtchls v0.0.1-0.20260304091815-6e4ec5d85d6c h1:hMqPfHA4Ef0iAoMtTOMRVReTNi8ocwZoHijJNJDZmoQ=
github.com/samvelsct/go-webrtchls v0.0.1-0.20260304091815-6e4ec5d85d6c/go.mod h1:ekfqFAxgrzhZAkgIjVmm0iYsF4Nih3KaVY/746cZusQ=
github.com/samvelsct/go-webrtchls v0.0.1-0.20260304102429-08cd94209853 h1:yuBxp5nIKjxYZPh++ZuchC6JFOlAGha0cELo31Vu6eI=
github.com/samvelsct/go-webrtchls v0.0.1-0.20260304102429-08cd94209853/go.mod h1:ekfqFAxgrzhZAkgIjVmm0iYsF4Nih3KaVY/746cZusQ=
github.com/samvelsct/go-webrtchls v0.0.1-0.20260304120732-cefe3fb3c081 h1:X7/of+OCLHKf4iEnuYzE70ct/wCd54W7/dnJx4ndhAc=
github.com/samvelsct/go-webrtchls v0.0.1-0.20260304120732-cefe3fb3c081/go.mod h1:ekfqFAxgrzhZAkgIjVmm0iYsF4Nih3KaVY/746cZusQ=
github.com/samvelsct/go-webrtchls v0.0.1-0.20260304125542-07e6de59f931 h1:kQGGC88Fbp2qssYLhVgY+gnZLSnR09LH5GGOyaLQq4Y=
github.com/samvelsct/go-webrtchls v0.0.1-0.20260304125542-07e6de59f931/go.mod h1:ekfqFAxgrzhZAkgIjVmm0iYsF4Nih3KaVY/746cZusQ=
github.com/samvelsct/go-webrtchls v0.0.1-0.20260304160142-d38d67544e8e h1:VCucdan/MqFKQ0Vi6LKd10zZXdRMNc60yb+qJxF2AO0=
github.com/samvelsct/go-webrtchls v0.0.1-0.20260304160142-d38d67544e8e/go.mod h1:ekfqFAxgrzhZAkgIjVmm0iYsF4Nih3KaVY/746cZusQ=
github.com/samvelsct/go-webrtchls v0.0.1-0.20260305063432-80b8d380f459 h1:UMMGzIB6W16MM03+bxECaCvdio31zxwUE2Mu5fs/46U=
github.com/samvelsct/go-webrtchls v0.0.1-0.20260305063432-80b8d380f459/go.mod h1:ekfqFAxgrzhZAkgIjVmm0iYsF4Nih3KaVY/746cZusQ=
github.com/samvelsct/go-webrtchls v0.0.1-0.20260305111432-36706fb1116e h1:9E4aMVZfW0MfetwuClT96gHr/kwsLmUNCY4GVNrDSjM=
github.com/samvelsct/go-webrtchls v0.0.1-0.20260305111432-36706fb1116e/go.mod h1:ekfqFAxgrzhZAkgIjVmm0iYsF4Nih3KaVY/746cZusQ=
github.com/samvelsct/go-webrtchls v0.0.1-0.20260305113732-c27c8d631992 h1:N1xmz7bQ0z0/PDLk8vx5aVYAT/07r0aDe5p2mm6BxCI=
github.com/samvelsct/go-webrtchls v0.0.1-0.20260305113732-c27c8d631992/go.mod h1:ekfqFAxgrzhZAkgIjVmm0iYsF4Nih3KaVY/746cZusQ=
github.com/samvelsct/go-webrtchls v0.0.1-0.20260321105934-12389dacb311 h1:GdCWviKUKhetViXQZQuzxwvKHHuKpSHh5PN1c9tc0uE=
github.com/samvelsct/go-webrtchls v0.0.1-0.20260321105934-12389dacb311/go.mod h1:ekfqFAxgrzhZAkgIjVmm0iYsF4Nih3KaVY/746cZusQ=
go.opentelemetry.io/auto/sdk v1.2.1 h1:jXsnJ4Lmnqd11kwkBV2LgLoFMZKizbCi5fNZ/ipaZ64=
go.opentelemetry.io/auto/sdk v1.2.1/go.mod h1:KRTj+aOaElaLi+wW1kO/DZRXwkF4C5xPbEe3ZiIhN7Y=
go.opentelemetry.io/otel v1.39.0 h1:8yPrr/S0ND9QEfTfdP9V+SiwT4E0G7Y5MO7p85nis48=
go.opentelemetry.io/otel v1.39.0/go.mod h1:kLlFTywNWrFyEdH0oj2xK0bFYZtHRYUdv1NklR/tgc8=
go.opentelemetry.io/otel/metric v1.39.0 h1:d1UzonvEZriVfpNKEVmHXbdf909uGTOQjA0HF0Ls5Q0=
go.opentelemetry.io/otel/metric v1.39.0/go.mod h1:jrZSWL33sD7bBxg1xjrqyDjnuzTUB0x1nBERXd7Ftcs=
go.opentelemetry.io/otel/sdk v1.39.0 h1:nMLYcjVsvdui1B/4FRkwjzoRVsMK8uL/cj0OyhKzt18=
go.opentelemetry.io/otel/sdk v1.39.0/go.mod h1:vDojkC4/jsTJsE+kh+LXYQlbL8CgrEcwmt1ENZszdJE=
go.opentelemetry.io/otel/sdk/metric v1.39.0 h1:cXMVVFVgsIf2YL6QkRF4Urbr/aMInf+2WKg+sEJTtB8=
go.opentelemetry.io/otel/sdk/metric v1.39.0/go.mod h1:xq9HEVH7qeX69/JnwEfp6fVq5wosJsY1mt4lLfYdVew=
go.opentelemetry.io/otel/trace v1.39.0 h1:2d2vfpEDmCJ5zVYz7ijaJdOF59xLomrvj7bjt6/qCJI=
go.opentelemetry.io/otel/trace v1.39.0/go.mod h1:88w4/PnZSazkGzz/w84VHpQafiU4EtqqlVdxWy+rNOA=
golang.org/x/net v0.50.0 h1:ucWh9eiCGyDR3vtzso0WMQinm2Dnt8cFMuQa9K33J60=
golang.org/x/net v0.50.0/go.mod h1:UgoSli3F/pBgdJBHCTc+tp3gmrU4XswgGRgtnwWTfyM=
golang.org/x/sys v0.0.0-20220811171246-fbc7d0a398ab/go.mod h1:oPkhp1MJrh7nUepCBck5+mAzfO9JrbApNNgaTdGDITg=
golang.org/x/sys v0.6.0/go.mod h1:oPkhp1MJrh7nUepCBck5+mAzfO9JrbApNNgaTdGDITg=
golang.org/x/sys v0.12.0/go.mod h1:oPkhp1MJrh7nUepCBck5+mAzfO9JrbApNNgaTdGDITg=
golang.org/x/sys v0.41.0 h1:Ivj+2Cp/ylzLiEU89QhWblYnOE9zerudt9Ftecq2C6k=
golang.org/x/sys v0.41.0/go.mod h1:OgkHotnGiDImocRcuBABYBEXf8A9a87e/uXjp9XT3ks=
golang.org/x/text v0.34.0 h1:oL/Qq0Kdaqxa1KbNeMKwQq0reLCCaFtqu2eNuSeNHbk=
golang.org/x/text v0.34.0/go.mod h1:homfLqTYRFyVYemLBFl5GgL/DWEiH5wcsQ5gSh1yziA=
gonum.org/v1/gonum v0.16.0 h1:5+ul4Swaf3ESvrOnidPp4GZbzf0mxVQpDCYUQE7OJfk=
gonum.org/v1/gonum v0.16.0/go.mod h1:fef3am4MQ93R2HHpKnLk4/Tbh/s0+wqD5nfa6Pnwy4E=
google.golang.org/genproto/googleapis/rpc v0.0.0-20260223185530-2f722ef697dc h1:51Wupg8spF+5FC6D+iMKbOddFjMckETnNnEiZ+HX37s=
google.golang.org/genproto/googleapis/rpc v0.0.0-20260223185530-2f722ef697dc/go.mod h1:4Hqkh8ycfw05ld/3BWL7rJOSfebL2Q+DVDeRgYgxUU8=
google.golang.org/grpc v1.79.1 h1:zGhSi45ODB9/p3VAawt9a+O/MULLl9dpizzNNpq7flY=
google.golang.org/grpc v1.79.1/go.mod h1:KmT0Kjez+0dde/v2j9vzwoAScgEPx/Bw1CYChhHLrHQ=
google.golang.org/protobuf v1.36.11 h1:fV6ZwhNocDyBLK0dj+fg8ektcVegBBuEolpbTQyBNVE=
google.golang.org/protobuf v1.36.11/go.mod h1:HTf+CrKn2C3g5S8VImy6tdcUvCska2kB7j23XfzDpco=
gopkg.in/check.v1 v0.0.0-20161208181325-20d25e280405 h1:yhCVgyC4o1eVCa2tZl7eS0r+SDo693bJlVdllGtEeKM=
gopkg.in/check.v1 v0.0.0-20161208181325-20d25e280405/go.mod h1:Co6ibVJAznAaIkqp8huTwlJQCZ016jof/cbN4VW5Yz0=
gopkg.in/yaml.v3 v3.0.1 h1:fxVm/GzAzEWqLHuvctI91KS9hhNmmWOoWu0XTYJS7CA=
gopkg.in/yaml.v3 v3.0.1/go.mod h1:K4uyk7z7BCEPqu6E+C64Yfv1cQ7kz7rIZviUmN+EgEM=
